
Microsoft Visual Studio Solution File, Format Version 12.00
# Visual Studio Version 17
VisualStudioVersion = 17.5.33424.131
MinimumVisualStudioVersion = 10.0.40219.1
Project("{9A19103F-16F7-4668-BE54-9A1E7A4F7556}") = "Catalog.API", "Services\Catalog\Catalog.API\Catalog.API.csproj", "{9F23BCAB-A9F1-4E91-853B-4073D15F33FD}"
EndProject
Project("{9A19103F-16F7-4668-BE54-9A1E7A4F7556}") = "Basket.API", "Services\Basket\Basket.API\Basket.API.csproj", "{C41B89AB-3DB5-4814-925C-DF6B41E8918D}"
EndProject
Project("{9A19103F-16F7-4668-BE54-9A1E7A4F7556}") = "Discount.API", "Services\Discount\Discount.API\Discount.API.csproj", "{4E7CF6CB-987E-4C0D-B6C4-2D037AB72B4E}"
EndProject
Project("{9A19103F-16F7-4668-BE54-9A1E7A4F7556}") = "Discount.Grpc", "Services\Discount\Discount.Grpc\Discount.Grpc.csproj", "{3D398347-396B-4D72-9F0D-F95817546F4A}"
EndProject
Global
	GlobalSection(SolutionConfigurationPlatforms) = preSolution
		Debug|Any CPU = Debug|Any CPU
		Debug|x64 = Debug|x64
		Debug|x86 = Debug|x86
		Release|Any CPU = Release|Any CPU
		Release|x64 = Release|x64
		Release|x86 = Release|x86
	EndGlobalSection
	GlobalSection(ProjectConfigurationPlatforms) = postSolution
		{9F23BCAB-A9F1-4E91-853B-4073D15F33FD}.Debug|Any CPU.ActiveCfg = Debug|Any CPU
		{9F23BCAB-A9F1-4E91-853B-4073D15F33FD}.Debug|Any CPU.Build.0 = Debug|Any CPU
		{9F23BCAB-A9F1-4E91-853B-4073D15F33FD}.Debug|x64.ActiveCfg = Debug|Any CPU
		{9F23BCAB-A9F1-4E91-853B-4073D15F33FD}.Debug|x64.Build.0 = Debug|Any CPU
		{9F23BCAB-A9F1-4E91-853B-4073D15F33FD}.Debug|x86.ActiveCfg = Debug|Any CPU
		{9F23BCAB-A9F1-4E91-853B-4073D15F33FD}.Debug|x86.Build.0 = Debug|Any CPU
		{9F23BCAB-A9F1-4E91-853B-4073D15F33FD}.Release|Any CPU.ActiveCfg = Release|Any CPU
		{9F23BCAB-A9F1-4E91-853B-4073D15F33FD}.Release|Any CPU.Build.0 = Release|Any CPU
		{9F23BCAB-A9F1-4E91-853B-4073D15F33FD}.Release|x64.ActiveCfg = Release|Any CPU
		{9F23BCAB-A9F1-4E91-853B-4073D15F33FD}.Release|x64.Build.0 = Release|Any CPU
		{9F23BCAB-A9F1-4E91-853B-4073D15F33FD}.Release|x86.ActiveCfg = Release|Any CPU
		{9F23BCAB-A9F1-4E91-853B-4073D15F33FD}.Release|x86.Build.0 = Release|Any CPU
		{C41B89AB-3DB5-4814-925C-DF6B41E8918D}.Debug|Any CPU.ActiveCfg = Debug|Any CPU
		{C41B89AB-3DB5-4814-925C-DF6B41E8918D}.Debug|Any CPU.Build.0 = Debug|Any CPU
		{C41B89AB-3DB5-4814-925C-DF6B41E8918D}.Debug|x64.ActiveCfg = Debug|Any CPU
		{C41B89AB-3DB5-4814-925C-DF6B41E8918D}.Debug|x64.Build.0 = Debug|Any CPU
		{C41B89AB-3DB5-4814-925C-DF6B41E8918D}.Debug|x86.ActiveCfg = Debug|Any CPU
		{C41B89AB-3DB5-4814-925C-DF6B41E8918D}.Debug|x86.Build.0 = Debug|Any CPU
		{C41B89AB-3DB5-4814-925C-DF6B41E8918D}.Release|Any CPU.ActiveCfg = Release|Any CPU
		{C41B89AB-3DB5-4814-925C-DF6B41E8918D}.Release|Any CPU.Build.0 = Release|Any CPU
		{C41B89AB-3DB5-4814-925C-DF6B41E8918D}.Release|x64.ActiveCfg = Release|Any CPU
		{C41B89AB-3DB5-4814-925C-DF6B41E8918D}.Release|x64.Build.0 = Release|Any CPU
		{C41B89AB-3DB5-4814-925C-DF6B41E8918D}.Release|x86.ActiveCfg = Release|Any CPU
		{C41B89AB-3DB5-4814-925C-DF6B41E8918D}.Release|x86.Build.0 = Release|Any CPU
		{4E7CF6CB-987E-4C0D-B6C4-2D037AB72B4E}.Debug|Any CPU.ActiveCfg = Debug|Any CPU
		{4E7CF6CB-987E-4C0D-B6C4-2D037AB72B4E}.Debug|Any CPU.Build.0 = Debug|Any CPU
		{4E7CF6CB-987E-4C0D-B6C4-2D037AB72B4E}.Debug|x64.ActiveCfg = Debug|Any CPU
		{4E7CF6CB-987E-4C0D-B6C4-2D037AB72B4E}.Debug|x64.Build.0 = Debug|Any CPU
		{4E7CF6CB-987E-4C0D-B6C4-2D037AB72B4E}.Debug|x86.ActiveCfg = Debug|Any CPU
		{4E7CF6CB-987E-4C0D-B6C4-2D037AB72B4E}.Debug|x86.Build.0 = Debug|Any CPU
		{4E7CF6CB-987E-4C0D-B6C4-2D037AB72B4E}.Release|Any CPU.ActiveCfg = Release|Any CPU
		{4E7CF6CB-987E-4C0D-B6C4-2D037AB72B4E}.Release|Any CPU.Build.0 = Release|Any CPU
		{4E7CF6CB-987E-4C0D-B6C4-2D037AB72B4E}.Release|x64.ActiveCfg = Release|Any CPU
		{4E7CF6CB-987E-4C0D-B6C4-2D037AB72B4E}.Release|x64.Build.0 = Release|Any CPU
		{4E7CF6CB-987E-4C0D-B6C4-2D037AB72B4E}.Release|x86.ActiveCfg = Release|Any CPU
		{4E7CF6CB-987E-4C0D-B6C4-2D037AB72B4E}.Release|x86.Build.0 = Release|Any CPU
		{3D398347-396B-4D72-9F0D-F95817546F4A}.Debug|Any CPU.ActiveCfg = Debug|Any CPU
		{3D398347-396B-4D72-9F0D-F95817546F4A}.Debug|Any CPU.Build.0 = Debug|Any CPU
		{3D398347-396B-4D72-9F0D-F95817546F4A}.Debug|x64.ActiveCfg = Debug|Any CPU
		{3D398347-396B-4D72-9F0D-F95817546F4A}.Debug|x64.Build.0 = Debug|Any CPU
		{3D398347-396B-4D72-9F0D-F95817546F4A}.Debug|x86.ActiveCfg = Debug|Any CPU
		{3D398347-396B-4D72-9F0D-F95817546F4A}.Debug|x86.Build.0 = Debug|Any CPU
		{3D398347-396B-4D72-9F0D-F95817546F4A}.Release|Any CPU.ActiveCfg = Release|Any CPU
		{3D398347-396B-4D72-9F0D-F95817546F4A}.Release|Any CPU.Build.0 = Release|Any CPU
		{3D398347-396B-4D72-9F0D-F95817546F4A}.Release|x64.ActiveCfg = Release|Any CPU
		{3D398347-396B-4D72-9F0D-F95817546F4A}.Release|x64.Build.0 = Release|Any CPU
		{3D398347-396B-4D72-9F0D-F95817546F4A}.Release|x86.ActiveCfg = Release|Any CPU
		{3D398347-396B-4D72-9F0D-F95817546F4A}.Release|x86.Build.0 = Release|Any CPU
	EndGlobalSection
	GlobalSection(SolutionProperties) = preSolution
		HideSolutionNode = FALSE
	EndGlobalSection
	GlobalSection(ExtensibilityGlobals) = postSolution
		SolutionGuid = {9DA51859-5256-48A2-9911-817C3519F326}
	EndGlobalSection
EndGlobal
